Microsoft Visual Studio Solution File, Format Version 12.00
# Visual Studio Version 17
VisualStudioVersion = 17.5.2.0
MinimumVisualStudioVersion = 10.0.40219.1
Project("{FAE04EC0-301F-11D3-BF4B-00C04F79EFBC}") = "drinksRequestsProject", "drinksRequestsProject.csproj", "{ABF6F548-87AD-3449-1C7E-D2ED9A15AEC3}"
EndProject
Global
	GlobalSection(SolutionConfigurationPlatforms) = preSolution
		Debug|Any CPU = Debug|Any CPU
		Release|Any CPU = Release|Any CPU
	EndGlobalSection
	GlobalSection(ProjectConfigurationPlatforms) = postSolution
		{ABF6F548-87AD-3449-1C7E-D2ED9A15AEC3}.Debug|Any CPU.ActiveCfg = Debug|Any CPU
		{ABF6F548-87AD-3449-1C7E-D2ED9A15AEC3}.Debug|Any CPU.Build.0 = Debug|Any CPU
		{ABF6F548-87AD-3449-1C7E-D2ED9A15AEC3}.Release|Any CPU.ActiveCfg = Release|Any CPU
		{ABF6F548-87AD-3449-1C7E-D2ED9A15AEC3}.Release|Any CPU.Build.0 = Release|Any CPU
	EndGlobalSection
	GlobalSection(SolutionProperties) = preSolution
		HideSolutionNode = FALSE
	EndGlobalSection
	GlobalSection(ExtensibilityGlobals) = postSolution
		SolutionGuid = {1938D486-1549-4F01-B3A0-AF43C8A3D7A0}
	EndGlobalSection
EndGlobal
